
Microsoft Visual Studio Solution File, Format Version 12.00
# Visual Studio 2012
Project("{FAE04EC0-301F-11D3-BF4B-00C04F79EFBC}") = "FrameworkLibraries", "FrameworkLibraries\FrameworkLibraries.csproj", "{41150A92-AC11-4A13-B88B-45E36310E2F9}"
EndProject
Project("{FAE04EC0-301F-11D3-BF4B-00C04F79EFBC}") = "FileDoctor", "FileDoctor\FileDoctor.csproj", "{51B19891-E1B7-4335-9268-7BE8B0D54C7A}"
EndProject
Project("{FAE04EC0-301F-11D3-BF4B-00C04F79EFBC}") = "Invoice", "Invoice\Invoice.csproj", "{0BDF4BF6-4330-4D45-8F47-DBEA7A897D7B}"
EndProject
Project("{FAE04EC0-301F-11D3-BF4B-00C04F79EFBC}") = "BATS", "QBBATS\BATS.csproj", "{274767B4-4224-45D1-A921-5074D4CAFA3D}"
EndProject
Project("{FAE04EC0-301F-11D3-BF4B-00C04F79EFBC}") = "Trinity", "Trinity\Trinity.csproj", "{9B17875C-BA57-4433-B2A0-04674AF607EC}"
EndProject
Project("{FAE04EC0-301F-11D3-BF4B-00C04F79EFBC}") = "TrinityAPIPOC", "TrinityAPIPOC\TrinityAPIPOC.csproj", "{B7EB6260-14C3-4284-B953-53ACA4FC28E1}"
EndProject
Project("{FAE04EC0-301F-11D3-BF4B-00C04F79EFBC}") = "Reports", "Reports\Reports.csproj", "{A6B624C3-B9C8-4E38-83A5-8285E6258AF1}"
EndProject
Project("{FAE04EC0-301F-11D3-BF4B-00C04F79EFBC}") = "XunitDemo.cs", "XunitDemo.cs\XunitDemo.cs.csproj", "{88C1247F-5C3D-4868-A8CA-43C2A4D993E7}"
EndProject
Global
	GlobalSection(SolutionConfigurationPlatforms) = preSolution
		Debug|Any CPU = Debug|Any CPU
		Release|Any CPU = Release|Any CPU
	EndGlobalSection
	GlobalSection(ProjectConfigurationPlatforms) = postSolution
		{41150A92-AC11-4A13-B88B-45E36310E2F9}.Debug|Any CPU.ActiveCfg = Debug|Any CPU
		{41150A92-AC11-4A13-B88B-45E36310E2F9}.Debug|Any CPU.Build.0 = Debug|Any CPU
		{41150A92-AC11-4A13-B88B-45E36310E2F9}.Release|Any CPU.ActiveCfg = Release|Any CPU
		{41150A92-AC11-4A13-B88B-45E36310E2F9}.Release|Any CPU.Build.0 = Release|Any CPU
		{51B19891-E1B7-4335-9268-7BE8B0D54C7A}.Debug|Any CPU.ActiveCfg = Debug|Any CPU
		{51B19891-E1B7-4335-9268-7BE8B0D54C7A}.Debug|Any CPU.Build.0 = Debug|Any CPU
		{51B19891-E1B7-4335-9268-7BE8B0D54C7A}.Release|Any CPU.ActiveCfg = Release|Any CPU
		{51B19891-E1B7-4335-9268-7BE8B0D54C7A}.Release|Any CPU.Build.0 = Release|Any CPU
		{0BDF4BF6-4330-4D45-8F47-DBEA7A897D7B}.Debug|Any CPU.ActiveCfg = Debug|Any CPU
		{0BDF4BF6-4330-4D45-8F47-DBEA7A897D7B}.Debug|Any CPU.Build.0 = Debug|Any CPU
		{0BDF4BF6-4330-4D45-8F47-DBEA7A897D7B}.Release|Any CPU.ActiveCfg = Release|Any CPU
		{0BDF4BF6-4330-4D45-8F47-DBEA7A897D7B}.Release|Any CPU.Build.0 = Release|Any CPU
		{274767B4-4224-45D1-A921-5074D4CAFA3D}.Debug|Any CPU.ActiveCfg = Debug|Any CPU
		{274767B4-4224-45D1-A921-5074D4CAFA3D}.Debug|Any CPU.Build.0 = Debug|Any CPU
		{274767B4-4224-45D1-A921-5074D4CAFA3D}.Release|Any CPU.ActiveCfg = Release|Any CPU
		{274767B4-4224-45D1-A921-5074D4CAFA3D}.Release|Any CPU.Build.0 = Release|Any CPU
		{9B17875C-BA57-4433-B2A0-04674AF607EC}.Debug|Any CPU.ActiveCfg = Debug|Any CPU
		{9B17875C-BA57-4433-B2A0-04674AF607EC}.Debug|Any CPU.Build.0 = Debug|Any CPU
		{9B17875C-BA57-4433-B2A0-04674AF607EC}.Release|Any CPU.ActiveCfg = Release|Any CPU
		{9B17875C-BA57-4433-B2A0-04674AF607EC}.Release|Any CPU.Build.0 = Release|Any CPU
		{B7EB6260-14C3-4284-B953-53ACA4FC28E1}.Debug|Any CPU.ActiveCfg = Debug|Any CPU
		{B7EB6260-14C3-4284-B953-53ACA4FC28E1}.Debug|Any CPU.Build.0 = Debug|Any CPU
		{B7EB6260-14C3-4284-B953-53ACA4FC28E1}.Release|Any CPU.ActiveCfg = Release|Any CPU
		{B7EB6260-14C3-4284-B953-53ACA4FC28E1}.Release|Any CPU.Build.0 = Release|Any CPU
		{A6B624C3-B9C8-4E38-83A5-8285E6258AF1}.Debug|Any CPU.ActiveCfg = Debug|Any CPU
		{A6B624C3-B9C8-4E38-83A5-8285E6258AF1}.Debug|Any CPU.Build.0 = Debug|Any CPU
		{A6B624C3-B9C8-4E38-83A5-8285E6258AF1}.Release|Any CPU.ActiveCfg = Release|Any CPU
		{A6B624C3-B9C8-4E38-83A5-8285E6258AF1}.Release|Any CPU.Build.0 = Release|Any CPU
		{88C1247F-5C3D-4868-A8CA-43C2A4D993E7}.Debug|Any CPU.ActiveCfg = Debug|Any CPU
		{88C1247F-5C3D-4868-A8CA-43C2A4D993E7}.Debug|Any CPU.Build.0 = Debug|Any CPU
		{88C1247F-5C3D-4868-A8CA-43C2A4D993E7}.Release|Any CPU.ActiveCfg = Release|Any CPU
		{88C1247F-5C3D-4868-A8CA-43C2A4D993E7}.Release|Any CPU.Build.0 = Release|Any CPU
	EndGlobalSection
	GlobalSection(SolutionProperties) = preSolution
		HideSolutionNode = FALSE
	EndGlobalSection
EndGlobal
